
Microsoft Visual Studio Solution File, Format Version 12.00
# Visual Studio Version 17
VisualStudioVersion = 17.10.34916.146
MinimumVisualStudioVersion = 10.0.40219.1
Project("{FAE04EC0-301F-11D3-BF4B-00C04F79EFBC}") = "products-api", "products-api.csproj", "{C399DB3A-D0BC-481E-AFF1-EE2AA228794D}"
EndProject
Global
	GlobalSection(SolutionConfigurationPlatforms) = preSolution
		Debug|Any CPU = Debug|Any CPU
		Release|Any CPU = Release|Any CPU
	EndGlobalSection
	GlobalSection(ProjectConfigurationPlatforms) = postSolution
		{C399DB3A-D0BC-481E-AFF1-EE2AA228794D}.Debug|Any CPU.ActiveCfg = Debug|Any CPU
		{C399DB3A-D0BC-481E-AFF1-EE2AA228794D}.Debug|Any CPU.Build.0 = Debug|Any CPU
		{C399DB3A-D0BC-481E-AFF1-EE2AA228794D}.Release|Any CPU.ActiveCfg = Release|Any CPU
		{C399DB3A-D0BC-481E-AFF1-EE2AA228794D}.Release|Any CPU.Build.0 = Release|Any CPU
	EndGlobalSection
	GlobalSection(SolutionProperties) = preSolution
		HideSolutionNode = FALSE
	EndGlobalSection
	GlobalSection(ExtensibilityGlobals) = postSolution
		SolutionGuid = {25BE5B21-76AC-4A52-B201-4AD71EBFE91D}
	EndGlobalSection
EndGlobal
